// !$*UTF8*$!
{
	archiveVersion = 1;
	classes = {
	};
	objectVersion = 56;
	objects = {

/* Begin PBXBuildFile section */
		923DDE0D291A3CF500A2FE75 /* NicknameViewController.swift in Sources */ = {isa = PBXBuildFile; fileRef = 923DDE0C291A3CF500A2FE75 /* NicknameViewController.swift */; };
		923DDE0F291A429400A2FE75 /* BirthViewController.swift in Sources */ = {isa = PBXBuildFile; fileRef = 923DDE0E291A429400A2FE75 /* BirthViewController.swift */; };
		923DDE11291A434700A2FE75 /* BirthViewModel.swift in Sources */ = {isa = PBXBuildFile; fileRef = 923DDE10291A434700A2FE75 /* BirthViewModel.swift */; };
		923DDE19291A4B9200A2FE75 /* EmailViewController.swift in Sources */ = {isa = PBXBuildFile; fileRef = 923DDE18291A4B9200A2FE75 /* EmailViewController.swift */; };
		923DDE1B291A4C2000A2FE75 /* EmailViewModel.swift in Sources */ = {isa = PBXBuildFile; fileRef = 923DDE1A291A4C2000A2FE75 /* EmailViewModel.swift */; };
		923DDE1D291A4CE000A2FE75 /* GenderViewController.swift in Sources */ = {isa = PBXBuildFile; fileRef = 923DDE1C291A4CE000A2FE75 /* GenderViewController.swift */; };
		923DDE1F291A4D8500A2FE75 /* GenderViewModel.swift in Sources */ = {isa = PBXBuildFile; fileRef = 923DDE1E291A4D8500A2FE75 /* GenderViewModel.swift */; };
		923DDE21291A4FDD00A2FE75 /* NicknameViewModel.swift in Sources */ = {isa = PBXBuildFile; fileRef = 923DDE20291A4FDD00A2FE75 /* NicknameViewModel.swift */; };
		923DDE23291A501200A2FE75 /* GenderCollectionViewCell.swift in Sources */ = {isa = PBXBuildFile; fileRef = 923DDE22291A501200A2FE75 /* GenderCollectionViewCell.swift */; };
		925606F42918D51800A13FFB /* AppDelegate.swift in Sources */ = {isa = PBXBuildFile; fileRef = 925606F32918D51800A13FFB /* AppDelegate.swift */; };
		925606F62918D51800A13FFB /* SceneDelegate.swift in Sources */ = {isa = PBXBuildFile; fileRef = 925606F52918D51800A13FFB /* SceneDelegate.swift */; };
		925606F82918D51800A13FFB /* SplashViewController.swift in Sources */ = {isa = PBXBuildFile; fileRef = 925606F72918D51800A13FFB /* SplashViewController.swift */; };
		925606FD2918D51A00A13FFB /* Assets.xcassets in Resources */ = {isa = PBXBuildFile; fileRef = 925606FC2918D51A00A13FFB /* Assets.xcassets */; };
		925607002918D51A00A13FFB /* LaunchScreen.storyboard in Resources */ = {isa = PBXBuildFile; fileRef = 925606FE2918D51A00A13FFB /* LaunchScreen.storyboard */; };
		925607132918DDD100A13FFB /* BaseViewControllerAttribute.swift in Sources */ = {isa = PBXBuildFile; fileRef = 925607122918DDD100A13FFB /* BaseViewControllerAttribute.swift */; };
		925607152918DEBC00A13FFB /* Reusable.swift in Sources */ = {isa = PBXBuildFile; fileRef = 925607142918DEBC00A13FFB /* Reusable.swift */; };
		925607182918DF1C00A13FFB /* SnapKit in Frameworks */ = {isa = PBXBuildFile; productRef = 925607172918DF1C00A13FFB /* SnapKit */; };
		925607212918E09900A13FFB /* UIColor+Extension.swift in Sources */ = {isa = PBXBuildFile; fileRef = 925607202918E09900A13FFB /* UIColor+Extension.swift */; };
		925607232918E42700A13FFB /* Image.xcassets in Resources */ = {isa = PBXBuildFile; fileRef = 925607222918E42700A13FFB /* Image.xcassets */; };
		925607252918E48700A13FFB /* Icon.xcassets in Resources */ = {isa = PBXBuildFile; fileRef = 925607242918E48700A13FFB /* Icon.xcassets */; };
		925607282918E67700A13FFB /* Constant.swift in Sources */ = {isa = PBXBuildFile; fileRef = 925607272918E67700A13FFB /* Constant.swift */; };
		9256072A2918E68A00A13FFB /* Image.swift in Sources */ = {isa = PBXBuildFile; fileRef = 925607292918E68A00A13FFB /* Image.swift */; };
		9256072C2918EDC100A13FFB /* Metric.swift in Sources */ = {isa = PBXBuildFile; fileRef = 9256072B2918EDC100A13FFB /* Metric.swift */; };
		925607342918EF6300A13FFB /* BackButton.swift in Sources */ = {isa = PBXBuildFile; fileRef = 925607332918EF6300A13FFB /* BackButton.swift */; };
		925607362918F0B400A13FFB /* MDSNavigationBar.swift in Sources */ = {isa = PBXBuildFile; fileRef = 925607352918F0B400A13FFB /* MDSNavigationBar.swift */; };
		925607392918F0CB00A13FFB /* Then in Frameworks */ = {isa = PBXBuildFile; productRef = 925607382918F0CB00A13FFB /* Then */; };
		9256073B2918F14D00A13FFB /* UIView+Extension.swift in Sources */ = {isa = PBXBuildFile; fileRef = 9256073A2918F14D00A13FFB /* UIView+Extension.swift */; };
		9256073D2918F1BD00A13FFB /* UITextField+Extension.swift in Sources */ = {isa = PBXBuildFile; fileRef = 9256073C2918F1BD00A13FFB /* UITextField+Extension.swift */; };
		9256073F2918F2E700A13FFB /* MDSInputTextField.swift in Sources */ = {isa = PBXBuildFile; fileRef = 9256073E2918F2E700A13FFB /* MDSInputTextField.swift */; };
		925607472918F35200A13FFB /* MDSButton.swift in Sources */ = {isa = PBXBuildFile; fileRef = 925607462918F35200A13FFB /* MDSButton.swift */; };
		9256074C2918F95500A13FFB /* OnboardingViewController.swift in Sources */ = {isa = PBXBuildFile; fileRef = 9256074B2918F95500A13FFB /* OnboardingViewController.swift */; };
		9256074E2918FCED00A13FFB /* MDSMessageTextField.swift in Sources */ = {isa = PBXBuildFile; fileRef = 9256074D2918FCED00A13FFB /* MDSMessageTextField.swift */; };
		92560751291925EF00A13FFB /* NotoSansCJKkr-Medium.otf in Resources */ = {isa = PBXBuildFile; fileRef = 9256074F291925EE00A13FFB /* NotoSansCJKkr-Medium.otf */; };
		92560752291925EF00A13FFB /* NotoSansCJKkr-Regular.otf in Resources */ = {isa = PBXBuildFile; fileRef = 92560750291925EF00A13FFB /* NotoSansCJKkr-Regular.otf */; };
		925607542919266600A13FFB /* UIFont+Extension.swift in Sources */ = {isa = PBXBuildFile; fileRef = 925607532919266600A13FFB /* UIFont+Extension.swift */; };
		92560756291926A700A13FFB /* MDSFont.swift in Sources */ = {isa = PBXBuildFile; fileRef = 92560755291926A700A13FFB /* MDSFont.swift */; };
		92560759291945AA00A13FFB /* RxCocoa in Frameworks */ = {isa = PBXBuildFile; productRef = 92560758291945AA00A13FFB /* RxCocoa */; };
		9256075B291945AA00A13FFB /* RxSwift in Frameworks */ = {isa = PBXBuildFile; productRef = 9256075A291945AA00A13FFB /* RxSwift */; };
		9256075D2919468400A13FFB /* OnboardingCollectionViewCell.swift in Sources */ = {isa = PBXBuildFile; fileRef = 9256075C2919468400A13FFB /* OnboardingCollectionViewCell.swift */; };
		92560760291946C600A13FFB /* BaseCollectionViewCell.swift in Sources */ = {isa = PBXBuildFile; fileRef = 9256075F291946C600A13FFB /* BaseCollectionViewCell.swift */; };
		92560762291946FF00A13FFB /* BaseTableViewCell.swift in Sources */ = {isa = PBXBuildFile; fileRef = 92560761291946FF00A13FFB /* BaseTableViewCell.swift */; };
		92560764291948DE00A13FFB /* Onboarding.swift in Sources */ = {isa = PBXBuildFile; fileRef = 92560763291948DE00A13FFB /* Onboarding.swift */; };
		9256076729194F3700A13FFB /* PhoneNumberViewController.swift in Sources */ = {isa = PBXBuildFile; fileRef = 9256076629194F3700A13FFB /* PhoneNumberViewController.swift */; };
		9256076B2919C21600A13FFB /* CertificationNumberViewController.swift in Sources */ = {isa = PBXBuildFile; fileRef = 9256076A2919C21600A13FFB /* CertificationNumberViewController.swift */; };
		9256076D2919C81300A13FFB /* PhoneNumberViewModel.swift in Sources */ = {isa = PBXBuildFile; fileRef = 9256076C2919C81300A13FFB /* PhoneNumberViewModel.swift */; };
		9256076F2919CC9D00A13FFB /* String+Extension.swift in Sources */ = {isa = PBXBuildFile; fileRef = 9256076E2919CC9D00A13FFB /* String+Extension.swift */; };
/* End PBXBuildFile section */

/* Begin PBXFileReference section */
		923DDE0C291A3CF500A2FE75 /* NicknameViewController.swift */ = {isa = PBXFileReference; lastKnownFileType = sourcecode.swift; path = NicknameViewController.swift; sourceTree = "<group>"; };
		923DDE0E291A429400A2FE75 /* BirthViewController.swift */ = {isa = PBXFileReference; lastKnownFileType = sourcecode.swift; path = BirthViewController.swift; sourceTree = "<group>"; };
		923DDE10291A434700A2FE75 /* BirthViewModel.swift */ = {isa = PBXFileReference; lastKnownFileType = sourcecode.swift; path = BirthViewModel.swift; sourceTree = "<group>"; };
		923DDE18291A4B9200A2FE75 /* EmailViewController.swift */ = {isa = PBXFileReference; lastKnownFileType = sourcecode.swift; path = EmailViewController.swift; sourceTree = "<group>"; };
		923DDE1A291A4C2000A2FE75 /* EmailViewModel.swift */ = {isa = PBXFileReference; lastKnownFileType = sourcecode.swift; path = EmailViewModel.swift; sourceTree = "<group>"; };
		923DDE1C291A4CE000A2FE75 /* GenderViewController.swift */ = {isa = PBXFileReference; lastKnownFileType = sourcecode.swift; path = GenderViewController.swift; sourceTree = "<group>"; };
		923DDE1E291A4D8500A2FE75 /* GenderViewModel.swift */ = {isa = PBXFileReference; lastKnownFileType = sourcecode.swift; path = GenderViewModel.swift; sourceTree = "<group>"; };
		923DDE20291A4FDD00A2FE75 /* NicknameViewModel.swift */ = {isa = PBXFileReference; lastKnownFileType = sourcecode.swift; path = NicknameViewModel.swift; sourceTree = "<group>"; };
		923DDE22291A501200A2FE75 /* GenderCollectionViewCell.swift */ = {isa = PBXFileReference; lastKnownFileType = sourcecode.swift; path = GenderCollectionViewCell.swift; sourceTree = "<group>"; };
		925606F02918D51800A13FFB /* Mogakko.app */ = {isa = PBXFileReference; explicitFileType = wrapper.application; includeInIndex = 0; path = Mogakko.app; sourceTree = BUILT_PRODUCTS_DIR; };
		925606F32918D51800A13FFB /* AppDelegate.swift */ = {isa = PBXFileReference; lastKnownFileType = sourcecode.swift; path = AppDelegate.swift; sourceTree = "<group>"; };
		925606F52918D51800A13FFB /* SceneDelegate.swift */ = {isa = PBXFileReference; lastKnownFileType = sourcecode.swift; path = SceneDelegate.swift; sourceTree = "<group>"; };
		925606F72918D51800A13FFB /* SplashViewController.swift */ = {isa = PBXFileReference; lastKnownFileType = sourcecode.swift; path = SplashViewController.swift; sourceTree = "<group>"; };
		925606FC2918D51A00A13FFB /* Assets.xcassets */ = {isa = PBXFileReference; lastKnownFileType = folder.assetcatalog; path = Assets.xcassets; sourceTree = "<group>"; };
		925606FF2918D51A00A13FFB /* Base */ = {isa = PBXFileReference; lastKnownFileType = file.storyboard; name = Base; path = Base.lproj/LaunchScreen.storyboard; sourceTree = "<group>"; };
		925607012918D51A00A13FFB /* Info.plist */ = {isa = PBXFileReference; lastKnownFileType = text.plist.xml; path = Info.plist; sourceTree = "<group>"; };
		925607122918DDD100A13FFB /* BaseViewControllerAttribute.swift */ = {isa = PBXFileReference; lastKnownFileType = sourcecode.swift; path = BaseViewControllerAttribute.swift; sourceTree = "<group>"; };
		925607142918DEBC00A13FFB /* Reusable.swift */ = {isa = PBXFileReference; lastKnownFileType = sourcecode.swift; path = Reusable.swift; sourceTree = "<group>"; };
		925607202918E09900A13FFB /* UIColor+Extension.swift */ = {isa = PBXFileReference; lastKnownFileType = sourcecode.swift; path = "UIColor+Extension.swift"; sourceTree = "<group>"; };
		925607222918E42700A13FFB /* Image.xcassets */ = {isa = PBXFileReference; lastKnownFileType = folder.assetcatalog; path = Image.xcassets; sourceTree = "<group>"; };
		925607242918E48700A13FFB /* Icon.xcassets */ = {isa = PBXFileReference; lastKnownFileType = folder.assetcatalog; path = Icon.xcassets; sourceTree = "<group>"; };
		925607272918E67700A13FFB /* Constant.swift */ = {isa = PBXFileReference; lastKnownFileType = sourcecode.swift; path = Constant.swift; sourceTree = "<group>"; };
		925607292918E68A00A13FFB /* Image.swift */ = {isa = PBXFileReference; lastKnownFileType = sourcecode.swift; path = Image.swift; sourceTree = "<group>"; };
		9256072B2918EDC100A13FFB /* Metric.swift */ = {isa = PBXFileReference; lastKnownFileType = sourcecode.swift; path = Metric.swift; sourceTree = "<group>"; };
		925607332918EF6300A13FFB /* BackButton.swift */ = {isa = PBXFileReference; lastKnownFileType = sourcecode.swift; path = BackButton.swift; sourceTree = "<group>"; };
		925607352918F0B400A13FFB /* MDSNavigationBar.swift */ = {isa = PBXFileReference; lastKnownFileType = sourcecode.swift; path = MDSNavigationBar.swift; sourceTree = "<group>"; };
		9256073A2918F14D00A13FFB /* UIView+Extension.swift */ = {isa = PBXFileReference; lastKnownFileType = sourcecode.swift; path = "UIView+Extension.swift"; sourceTree = "<group>"; };
		9256073C2918F1BD00A13FFB /* UITextField+Extension.swift */ = {isa = PBXFileReference; lastKnownFileType = sourcecode.swift; path = "UITextField+Extension.swift"; sourceTree = "<group>"; };
		9256073E2918F2E700A13FFB /* MDSInputTextField.swift */ = {isa = PBXFileReference; lastKnownFileType = sourcecode.swift; path = MDSInputTextField.swift; sourceTree = "<group>"; };
		925607462918F35200A13FFB /* MDSButton.swift */ = {isa = PBXFileReference; lastKnownFileType = sourcecode.swift; path = MDSButton.swift; sourceTree = "<group>"; };
		9256074B2918F95500A13FFB /* OnboardingViewController.swift */ = {isa = PBXFileReference; lastKnownFileType = sourcecode.swift; path = OnboardingViewController.swift; sourceTree = "<group>"; };
		9256074D2918FCED00A13FFB /* MDSMessageTextField.swift */ = {isa = PBXFileReference; lastKnownFileType = sourcecode.swift; path = MDSMessageTextField.swift; sourceTree = "<group>"; };
		9256074F291925EE00A13FFB /* NotoSansCJKkr-Medium.otf */ = {isa = PBXFileReference; lastKnownFileType = file; path = "NotoSansCJKkr-Medium.otf"; sourceTree = "<group>"; };
		92560750291925EF00A13FFB /* NotoSansCJKkr-Regular.otf */ = {isa = PBXFileReference; lastKnownFileType = file; path = "NotoSansCJKkr-Regular.otf"; sourceTree = "<group>"; };
		925607532919266600A13FFB /* UIFont+Extension.swift */ = {isa = PBXFileReference; lastKnownFileType = sourcecode.swift; path = "UIFont+Extension.swift"; sourceTree = "<group>"; };
		92560755291926A700A13FFB /* MDSFont.swift */ = {isa = PBXFileReference; lastKnownFileType = sourcecode.swift; path = MDSFont.swift; sourceTree = "<group>"; };
		9256075C2919468400A13FFB /* OnboardingCollectionViewCell.swift */ = {isa = PBXFileReference; lastKnownFileType = sourcecode.swift; path = OnboardingCollectionViewCell.swift; sourceTree = "<group>"; };
		9256075F291946C600A13FFB /* BaseCollectionViewCell.swift */ = {isa = PBXFileReference; lastKnownFileType = sourcecode.swift; path = BaseCollectionViewCell.swift; sourceTree = "<group>"; };
		92560761291946FF00A13FFB /* BaseTableViewCell.swift */ = {isa = PBXFileReference; lastKnownFileType = sourcecode.swift; path = BaseTableViewCell.swift; sourceTree = "<group>"; };
		92560763291948DE00A13FFB /* Onboarding.swift */ = {isa = PBXFileReference; lastKnownFileType = sourcecode.swift; path = Onboarding.swift; sourceTree = "<group>"; };
		9256076629194F3700A13FFB /* PhoneNumberViewController.swift */ = {isa = PBXFileReference; lastKnownFileType = sourcecode.swift; path = PhoneNumberViewController.swift; sourceTree = "<group>"; };
		9256076A2919C21600A13FFB /* CertificationNumberViewController.swift */ = {isa = PBXFileReference; lastKnownFileType = sourcecode.swift; path = CertificationNumberViewController.swift; sourceTree = "<group>"; };
		9256076C2919C81300A13FFB /* PhoneNumberViewModel.swift */ = {isa = PBXFileReference; lastKnownFileType = sourcecode.swift; path = PhoneNumberViewModel.swift; sourceTree = "<group>"; };
		9256076E2919CC9D00A13FFB /* String+Extension.swift */ = {isa = PBXFileReference; lastKnownFileType = sourcecode.swift; path = "String+Extension.swift"; sourceTree = "<group>"; };
/* End PBXFileReference section */

/* Begin PBXFrameworksBuildPhase section */
		925606ED2918D51800A13FFB /* Frameworks */ = {
			isa = PBXFrameworksBuildPhase;
			buildActionMask = 2147483647;
			files = (
				92560759291945AA00A13FFB /* RxCocoa in Frameworks */,
				925607182918DF1C00A13FFB /* SnapKit in Frameworks */,
				9256075B291945AA00A13FFB /* RxSwift in Frameworks */,
				925607392918F0CB00A13FFB /* Then in Frameworks */,
			);
			runOnlyForDeploymentPostprocessing = 0;
		};
/* End PBXFrameworksBuildPhase section */

/* Begin PBXGroup section */
		923DDE09291A3CC500A2FE75 /* Signup */ = {
			isa = PBXGroup;
			children = (
				923DDE0B291A3CD800A2FE75 /* View */,
				923DDE0A291A3CD300A2FE75 /* ViewModel */,
			);
			path = Signup;
			sourceTree = "<group>";
		};
		923DDE0A291A3CD300A2FE75 /* ViewModel */ = {
			isa = PBXGroup;
			children = (
				923DDE20291A4FDD00A2FE75 /* NicknameViewModel.swift */,
				923DDE10291A434700A2FE75 /* BirthViewModel.swift */,
				923DDE1A291A4C2000A2FE75 /* EmailViewModel.swift */,
				923DDE1E291A4D8500A2FE75 /* GenderViewModel.swift */,
			);
			path = ViewModel;
			sourceTree = "<group>";
		};
		923DDE0B291A3CD800A2FE75 /* View */ = {
			isa = PBXGroup;
			children = (
				923DDE0C291A3CF500A2FE75 /* NicknameViewController.swift */,
				923DDE0E291A429400A2FE75 /* BirthViewController.swift */,
				923DDE18291A4B9200A2FE75 /* EmailViewController.swift */,
				923DDE1C291A4CE000A2FE75 /* GenderViewController.swift */,
				923DDE22291A501200A2FE75 /* GenderCollectionViewCell.swift */,
			);
			path = View;
			sourceTree = "<group>";
		};
		925606E72918D51800A13FFB = {
			isa = PBXGroup;
			children = (
				925606F22918D51800A13FFB /* Mogakko */,
				925606F12918D51800A13FFB /* Products */,
			);
			sourceTree = "<group>";
		};
		925606F12918D51800A13FFB /* Products */ = {
			isa = PBXGroup;
			children = (
				925606F02918D51800A13FFB /* Mogakko.app */,
			);
			name = Products;
			sourceTree = "<group>";
		};
		925606F22918D51800A13FFB /* Mogakko */ = {
			isa = PBXGroup;
			children = (
				9256070A2918D54F00A13FFB /* Global */,
				925607092918D54A00A13FFB /* Network */,
				925607082918D54500A13FFB /* Screen */,
				925607072918D53E00A13FFB /* Application */,
				9256070B2918D56000A13FFB /* Resource */,
			);
			path = Mogakko;
			sourceTree = "<group>";
		};
		925607072918D53E00A13FFB /* Application */ = {
			isa = PBXGroup;
			children = (
				925607012918D51A00A13FFB /* Info.plist */,
				925606F32918D51800A13FFB /* AppDelegate.swift */,
				925606F52918D51800A13FFB /* SceneDelegate.swift */,
			);
			path = Application;
			sourceTree = "<group>";
		};
		925607082918D54500A13FFB /* Screen */ = {
			isa = PBXGroup;
			children = (
				923DDE09291A3CC500A2FE75 /* Signup */,
				9256076529194F1C00A13FFB /* Authorization */,
				9256070F2918D5A300A13FFB /* Onboarding */,
				9256070E2918D58D00A13FFB /* Splash */,
			);
			path = Screen;
			sourceTree = "<group>";
		};
		925607092918D54A00A13FFB /* Network */ = {
			isa = PBXGroup;
			children = (
			);
			path = Network;
			sourceTree = "<group>";
		};
		9256070A2918D54F00A13FFB /* Global */ = {
			isa = PBXGroup;
			children = (
				9256075E291946BC00A13FFB /* Base */,
				925607262918E66200A13FFB /* Constant */,
				9256071F2918E08D00A13FFB /* Extension */,
				925607192918DF4F00A13FFB /* DesignSystem */,
				925607112918DD7000A13FFB /* Protocol */,
			);
			path = Global;
			sourceTree = "<group>";
		};
		9256070B2918D56000A13FFB /* Resource */ = {
			isa = PBXGroup;
			children = (
				9256071C2918DF6800A13FFB /* Font */,
				9256070D2918D57E00A13FFB /* Storyboard */,
				9256070C2918D57700A13FFB /* Asset */,
			);
			path = Resource;
			sourceTree = "<group>";
		};
		9256070C2918D57700A13FFB /* Asset */ = {
			isa = PBXGroup;
			children = (
				925606FC2918D51A00A13FFB /* Assets.xcassets */,
				925607222918E42700A13FFB /* Image.xcassets */,
				925607242918E48700A13FFB /* Icon.xcassets */,
			);
			path = Asset;
			sourceTree = "<group>";
		};
		9256070D2918D57E00A13FFB /* Storyboard */ = {
			isa = PBXGroup;
			children = (
				925606FE2918D51A00A13FFB /* LaunchScreen.storyboard */,
			);
			path = Storyboard;
			sourceTree = "<group>";
		};
		9256070E2918D58D00A13FFB /* Splash */ = {
			isa = PBXGroup;
			children = (
				925606F72918D51800A13FFB /* SplashViewController.swift */,
			);
			path = Splash;
			sourceTree = "<group>";
		};
		9256070F2918D5A300A13FFB /* Onboarding */ = {
			isa = PBXGroup;
			children = (
				9256074A2918F94300A13FFB /* Model */,
				925607492918F93F00A13FFB /* View */,
				925607482918F93A00A13FFB /* ViewModel */,
			);
			path = Onboarding;
			sourceTree = "<group>";
		};
		925607112918DD7000A13FFB /* Protocol */ = {
			isa = PBXGroup;
			children = (
				925607122918DDD100A13FFB /* BaseViewControllerAttribute.swift */,
				925607142918DEBC00A13FFB /* Reusable.swift */,
			);
			path = Protocol;
			sourceTree = "<group>";
		};
		925607192918DF4F00A13FFB /* DesignSystem */ = {
			isa = PBXGroup;
			children = (
				9256071B2918DF6100A13FFB /* Component */,
				9256071A2918DF5A00A13FFB /* Font */,
			);
			path = DesignSystem;
			sourceTree = "<group>";
		};
		9256071A2918DF5A00A13FFB /* Font */ = {
			isa = PBXGroup;
			children = (
				925607532919266600A13FFB /* UIFont+Extension.swift */,
				92560755291926A700A13FFB /* MDSFont.swift */,
			);
			path = Font;
			sourceTree = "<group>";
		};
		9256071B2918DF6100A13FFB /* Component */ = {
			isa = PBXGroup;
			children = (
				925607332918EF6300A13FFB /* BackButton.swift */,
				925607352918F0B400A13FFB /* MDSNavigationBar.swift */,
				9256073E2918F2E700A13FFB /* MDSInputTextField.swift */,
				9256074D2918FCED00A13FFB /* MDSMessageTextField.swift */,
				925607462918F35200A13FFB /* MDSButton.swift */,
			);
			path = Component;
			sourceTree = "<group>";
		};
		9256071C2918DF6800A13FFB /* Font */ = {
			isa = PBXGroup;
			children = (
				9256074F291925EE00A13FFB /* NotoSansCJKkr-Medium.otf */,
				92560750291925EF00A13FFB /* NotoSansCJKkr-Regular.otf */,
			);
			path = Font;
			sourceTree = "<group>";
		};
		9256071F2918E08D00A13FFB /* Extension */ = {
			isa = PBXGroup;
			children = (
				925607202918E09900A13FFB /* UIColor+Extension.swift */,
				9256073A2918F14D00A13FFB /* UIView+Extension.swift */,
				9256073C2918F1BD00A13FFB /* UITextField+Extension.swift */,
				9256076E2919CC9D00A13FFB /* String+Extension.swift */,
			);
			path = Extension;
			sourceTree = "<group>";
		};
		925607262918E66200A13FFB /* Constant */ = {
			isa = PBXGroup;
			children = (
				925607272918E67700A13FFB /* Constant.swift */,
				925607292918E68A00A13FFB /* Image.swift */,
				9256072B2918EDC100A13FFB /* Metric.swift */,
			);
			path = Constant;
			sourceTree = "<group>";
		};
		925607482918F93A00A13FFB /* ViewModel */ = {
			isa = PBXGroup;
			children = (
			);
			path = ViewModel;
			sourceTree = "<group>";
		};
		925607492918F93F00A13FFB /* View */ = {
			isa = PBXGroup;
			children = (
				9256074B2918F95500A13FFB /* OnboardingViewController.swift */,
				9256075C2919468400A13FFB /* OnboardingCollectionViewCell.swift */,
			);
			path = View;
			sourceTree = "<group>";
		};
		9256074A2918F94300A13FFB /* Model */ = {
			isa = PBXGroup;
			children = (
				92560763291948DE00A13FFB /* Onboarding.swift */,
			);
			path = Model;
			sourceTree = "<group>";
		};
		9256075E291946BC00A13FFB /* Base */ = {
			isa = PBXGroup;
			children = (
				9256075F291946C600A13FFB /* BaseCollectionViewCell.swift */,
				92560761291946FF00A13FFB /* BaseTableViewCell.swift */,
			);
			path = Base;
			sourceTree = "<group>";
		};
		9256076529194F1C00A13FFB /* Authorization */ = {
			isa = PBXGroup;
			children = (
				925607682919B9B900A13FFB /* View */,
				925607692919B9BF00A13FFB /* ViewModel */,
			);
			path = Authorization;
			sourceTree = "<group>";
		};
		925607682919B9B900A13FFB /* View */ = {
			isa = PBXGroup;
			children = (
				9256076629194F3700A13FFB /* PhoneNumberViewController.swift */,
				9256076A2919C21600A13FFB /* CertificationNumberViewController.swift */,
			);
			path = View;
			sourceTree = "<group>";
		};
		925607692919B9BF00A13FFB /* ViewModel */ = {
			isa = PBXGroup;
			children = (
				9256076C2919C81300A13FFB /* PhoneNumberViewModel.swift */,
			);
			path = ViewModel;
			sourceTree = "<group>";
		};
/* End PBXGroup section */

/* Begin PBXNativeTarget section */
		925606EF2918D51800A13FFB /* Mogakko */ = {
			isa = PBXNativeTarget;
			buildConfigurationList = 925607042918D51A00A13FFB /* Build configuration list for PBXNativeTarget "Mogakko" */;
			buildPhases = (
				925606EC2918D51800A13FFB /* Sources */,
				925606ED2918D51800A13FFB /* Frameworks */,
				925606EE2918D51800A13FFB /* Resources */,
			);
			buildRules = (
			);
			dependencies = (
			);
			name = Mogakko;
			packageProductDependencies = (
				925607172918DF1C00A13FFB /* SnapKit */,
				925607382918F0CB00A13FFB /* Then */,
				92560758291945AA00A13FFB /* RxCocoa */,
				9256075A291945AA00A13FFB /* RxSwift */,
			);
			productName = Mogakko;
			productReference = 925606F02918D51800A13FFB /* Mogakko.app */;
			productType = "com.apple.product-type.application";
		};
/* End PBXNativeTarget section */

/* Begin PBXProject section */
		925606E82918D51800A13FFB /* Project object */ = {
			isa = PBXProject;
			attributes = {
				BuildIndependentTargetsInParallel = 1;
				LastSwiftUpdateCheck = 1410;
				LastUpgradeCheck = 1410;
				TargetAttributes = {
					925606EF2918D51800A13FFB = {
						CreatedOnToolsVersion = 14.1;
					};
				};
			};
			buildConfigurationList = 925606EB2918D51800A13FFB /* Build configuration list for PBXProject "Mogakko" */;
			compatibilityVersion = "Xcode 14.0";
			developmentRegion = en;
			hasScannedForEncodings = 0;
			knownRegions = (
				en,
				Base,
			);
			mainGroup = 925606E72918D51800A13FFB;
			packageReferences = (
				925607162918DF1C00A13FFB /* XCRemoteSwiftPackageReference "SnapKit" */,
				925607372918F0CB00A13FFB /* XCRemoteSwiftPackageReference "Then" */,
				92560757291945AA00A13FFB /* XCRemoteSwiftPackageReference "RxSwift" */,
			);
			productRefGroup = 925606F12918D51800A13FFB /* Products */;
			projectDirPath = "";
			projectRoot = "";
			targets = (
				925606EF2918D51800A13FFB /* Mogakko */,
			);
		};
/* End PBXProject section */

/* Begin PBXResourcesBuildPhase section */
		925606EE2918D51800A13FFB /* Resources */ = {
			isa = PBXResourcesBuildPhase;
			buildActionMask = 2147483647;
			files = (
				925607002918D51A00A13FFB /* LaunchScreen.storyboard in Resources */,
				92560752291925EF00A13FFB /* NotoSansCJKkr-Regular.otf in Resources */,
				925607232918E42700A13FFB /* Image.xcassets in Resources */,
				925607252918E48700A13FFB /* Icon.xcassets in Resources */,
				925606FD2918D51A00A13FFB /* Assets.xcassets in Resources */,
				92560751291925EF00A13FFB /* NotoSansCJKkr-Medium.otf in Resources */,
			);
			runOnlyForDeploymentPostprocessing = 0;
		};
/* End PBXResourcesBuildPhase section */

/* Begin PBXSourcesBuildPhase section */
		925606EC2918D51800A13FFB /* Sources */ = {
			isa = PBXSourcesBuildPhase;
			buildActionMask = 2147483647;
			files = (
				923DDE11291A434700A2FE75 /* BirthViewModel.swift in Sources */,
				925607282918E67700A13FFB /* Constant.swift in Sources */,
				9256072A2918E68A00A13FFB /* Image.swift in Sources */,
				923DDE1B291A4C2000A2FE75 /* EmailViewModel.swift in Sources */,
				925606F82918D51800A13FFB /* SplashViewController.swift in Sources */,
				923DDE23291A501200A2FE75 /* GenderCollectionViewCell.swift in Sources */,
				923DDE1F291A4D8500A2FE75 /* GenderViewModel.swift in Sources */,
				925607132918DDD100A13FFB /* BaseViewControllerAttribute.swift in Sources */,
				923DDE1D291A4CE000A2FE75 /* GenderViewController.swift in Sources */,
				925607362918F0B400A13FFB /* MDSNavigationBar.swift in Sources */,
				925607342918EF6300A13FFB /* BackButton.swift in Sources */,
				92560756291926A700A13FFB /* MDSFont.swift in Sources */,
				9256075D2919468400A13FFB /* OnboardingCollectionViewCell.swift in Sources */,
				92560760291946C600A13FFB /* BaseCollectionViewCell.swift in Sources */,
				925607542919266600A13FFB /* UIFont+Extension.swift in Sources */,
				9256073F2918F2E700A13FFB /* MDSInputTextField.swift in Sources */,
				9256073B2918F14D00A13FFB /* UIView+Extension.swift in Sources */,
				923DDE0D291A3CF500A2FE75 /* NicknameViewController.swift in Sources */,
				923DDE21291A4FDD00A2FE75 /* NicknameViewModel.swift in Sources */,
				9256076729194F3700A13FFB /* PhoneNumberViewController.swift in Sources */,
				9256074E2918FCED00A13FFB /* MDSMessageTextField.swift in Sources */,
				9256076D2919C81300A13FFB /* PhoneNumberViewModel.swift in Sources */,
				925606F42918D51800A13FFB /* AppDelegate.swift in Sources */,
				925607212918E09900A13FFB /* UIColor+Extension.swift in Sources */,
				925607472918F35200A13FFB /* MDSButton.swift in Sources */,
				92560762291946FF00A13FFB /* BaseTableViewCell.swift in Sources */,
				9256076F2919CC9D00A13FFB /* String+Extension.swift in Sources */,
				9256076B2919C21600A13FFB /* CertificationNumberViewController.swift in Sources */,
				9256074C2918F95500A13FFB /* OnboardingViewController.swift in Sources */,
				9256072C2918EDC100A13FFB /* Metric.swift in Sources */,
				923DDE19291A4B9200A2FE75 /* EmailViewController.swift in Sources */,
				923DDE0F291A429400A2FE75 /* BirthViewController.swift in Sources */,
				92560764291948DE00A13FFB /* Onboarding.swift in Sources */,
				9256073D2918F1BD00A13FFB /* UITextField+Extension.swift in Sources */,
				925606F62918D51800A13FFB /* SceneDelegate.swift in Sources */,
				925607152918DEBC00A13FFB /* Reusable.swift in Sources */,
			);
			runOnlyForDeploymentPostprocessing = 0;
		};
/* End PBXSourcesBuildPhase section */

/* Begin PBXVariantGroup section */
		925606FE2918D51A00A13FFB /* LaunchScreen.storyboard */ = {
			isa = PBXVariantGroup;
			children = (
				925606FF2918D51A00A13FFB /* Base */,
			);
			name = LaunchScreen.storyboard;
			sourceTree = "<group>";
		};
/* End PBXVariantGroup section */

/* Begin XCBuildConfiguration section */
		925607022918D51A00A13FFB /* Debug */ = {
			isa = XCBuildConfiguration;
			buildSettings = {
				ALWAYS_SEARCH_USER_PATHS = NO;
				CLANG_ANALYZER_NONNULL = YES;
				CLANG_ANALYZER_NUMBER_OBJECT_CONVERSION = YES_AGGRESSIVE;
				CLANG_CXX_LANGUAGE_STANDARD = "gnu++20";
				CLANG_ENABLE_MODULES = YES;
				CLANG_ENABLE_OBJC_ARC = YES;
				CLANG_ENABLE_OBJC_WEAK = YES;
				CLANG_WARN_BLOCK_CAPTURE_AUTORELEASING = YES;
				CLANG_WARN_BOOL_CONVERSION = YES;
				CLANG_WARN_COMMA = YES;
				CLANG_WARN_CONSTANT_CONVERSION = YES;
				CLANG_WARN_DEPRECATED_OBJC_IMPLEMENTATIONS = YES;
				CLANG_WARN_DIRECT_OBJC_ISA_USAGE = YES_ERROR;
				CLANG_WARN_DOCUMENTATION_COMMENTS = YES;
				CLANG_WARN_EMPTY_BODY = YES;
				CLANG_WARN_ENUM_CONVERSION = YES;
				CLANG_WARN_INFINITE_RECURSION = YES;
				CLANG_WARN_INT_CONVERSION = YES;
				CLANG_WARN_NON_LITERAL_NULL_CONVERSION = YES;
				CLANG_WARN_OBJC_IMPLICIT_RETAIN_SELF = YES;
				CLANG_WARN_OBJC_LITERAL_CONVERSION = YES;
				CLANG_WARN_OBJC_ROOT_CLASS = YES_ERROR;
				CLANG_WARN_QUOTED_INCLUDE_IN_FRAMEWORK_HEADER = YES;
				CLANG_WARN_RANGE_LOOP_ANALYSIS = YES;
				CLANG_WARN_STRICT_PROTOTYPES = YES;
				CLANG_WARN_SUSPICIOUS_MOVE = YES;
				CLANG_WARN_UNGUARDED_AVAILABILITY = YES_AGGRESSIVE;
				CLANG_WARN_UNREACHABLE_CODE = YES;
				CLANG_WARN__DUPLICATE_METHOD_MATCH = YES;
				COPY_PHASE_STRIP = NO;
				DEBUG_INFORMATION_FORMAT = dwarf;
				ENABLE_STRICT_OBJC_MSGSEND = YES;
				ENABLE_TESTABILITY = YES;
				GCC_C_LANGUAGE_STANDARD = gnu11;
				GCC_DYNAMIC_NO_PIC = NO;
				GCC_NO_COMMON_BLOCKS = YES;
				GCC_OPTIMIZATION_LEVEL = 0;
				GCC_PREPROCESSOR_DEFINITIONS = (
					"DEBUG=1",
					"$(inherited)",
				);
				GCC_WARN_64_TO_32_BIT_CONVERSION = YES;
				GCC_WARN_ABOUT_RETURN_TYPE = YES_ERROR;
				GCC_WARN_UNDECLARED_SELECTOR = YES;
				GCC_WARN_UNINITIALIZED_AUTOS = YES_AGGRESSIVE;
				GCC_WARN_UNUSED_FUNCTION = YES;
				GCC_WARN_UNUSED_VARIABLE = YES;
				IPHONEOS_DEPLOYMENT_TARGET = 16.1;
				MTL_ENABLE_DEBUG_INFO = INCLUDE_SOURCE;
				MTL_FAST_MATH = YES;
				ONLY_ACTIVE_ARCH = YES;
				SDKROOT = iphoneos;
				SWIFT_ACTIVE_COMPILATION_CONDITIONS = DEBUG;
				SWIFT_OPTIMIZATION_LEVEL = "-Onone";
			};
			name = Debug;
		};
		925607032918D51A00A13FFB /* Release */ = {
			isa = XCBuildConfiguration;
			buildSettings = {
				ALWAYS_SEARCH_USER_PATHS = NO;
				CLANG_ANALYZER_NONNULL = YES;
				CLANG_ANALYZER_NUMBER_OBJECT_CONVERSION = YES_AGGRESSIVE;
				CLANG_CXX_LANGUAGE_STANDARD = "gnu++20";
				CLANG_ENABLE_MODULES = YES;
				CLANG_ENABLE_OBJC_ARC = YES;
				CLANG_ENABLE_OBJC_WEAK = YES;
				CLANG_WARN_BLOCK_CAPTURE_AUTORELEASING = YES;
				CLANG_WARN_BOOL_CONVERSION = YES;
				CLANG_WARN_COMMA = YES;
				CLANG_WARN_CONSTANT_CONVERSION = YES;
				CLANG_WARN_DEPRECATED_OBJC_IMPLEMENTATIONS = YES;
				CLANG_WARN_DIRECT_OBJC_ISA_USAGE = YES_ERROR;
				CLANG_WARN_DOCUMENTATION_COMMENTS = YES;
				CLANG_WARN_EMPTY_BODY = YES;
				CLANG_WARN_ENUM_CONVERSION = YES;
				CLANG_WARN_INFINITE_RECURSION = YES;
				CLANG_WARN_INT_CONVERSION = YES;
				CLANG_WARN_NON_LITERAL_NULL_CONVERSION = YES;
				CLANG_WARN_OBJC_IMPLICIT_RETAIN_SELF = YES;
				CLANG_WARN_OBJC_LITERAL_CONVERSION = YES;
				CLANG_WARN_OBJC_ROOT_CLASS = YES_ERROR;
				CLANG_WARN_QUOTED_INCLUDE_IN_FRAMEWORK_HEADER = YES;
				CLANG_WARN_RANGE_LOOP_ANALYSIS = YES;
				CLANG_WARN_STRICT_PROTOTYPES = YES;
				CLANG_WARN_SUSPICIOUS_MOVE = YES;
				CLANG_WARN_UNGUARDED_AVAILABILITY = YES_AGGRESSIVE;
				CLANG_WARN_UNREACHABLE_CODE = YES;
				CLANG_WARN__DUPLICATE_METHOD_MATCH = YES;
				COPY_PHASE_STRIP = NO;
				DEBUG_INFORMATION_FORMAT = "dwarf-with-dsym";
				ENABLE_NS_ASSERTIONS = NO;
				ENABLE_STRICT_OBJC_MSGSEND = YES;
				GCC_C_LANGUAGE_STANDARD = gnu11;
				GCC_NO_COMMON_BLOCKS = YES;
				GCC_WARN_64_TO_32_BIT_CONVERSION = YES;
				GCC_WARN_ABOUT_RETURN_TYPE = YES_ERROR;
				GCC_WARN_UNDECLARED_SELECTOR = YES;
				GCC_WARN_UNINITIALIZED_AUTOS = YES_AGGRESSIVE;
				GCC_WARN_UNUSED_FUNCTION = YES;
				GCC_WARN_UNUSED_VARIABLE = YES;
				IPHONEOS_DEPLOYMENT_TARGET = 16.1;
				MTL_ENABLE_DEBUG_INFO = NO;
				MTL_FAST_MATH = YES;
				SDKROOT = iphoneos;
				SWIFT_COMPILATION_MODE = wholemodule;
				SWIFT_OPTIMIZATION_LEVEL = "-O";
				VALIDATE_PRODUCT = YES;
			};
			name = Release;
		};
		925607052918D51A00A13FFB /* Debug */ = {
			isa = XCBuildConfiguration;
			buildSettings = {
				ASSETCATALOG_COMPILER_APPICON_NAME = AppIcon;
				ASSETCATALOG_COMPILER_GLOBAL_ACCENT_COLOR_NAME = AccentColor;
				CODE_SIGN_STYLE = Automatic;
				CURRENT_PROJECT_VERSION = 1;
				DEVELOPMENT_TEAM = PU64TS56AD;
				GENERATE_INFOPLIST_FILE = YES;
				INFOPLIST_FILE = Mogakko/Application/Info.plist;
				INFOPLIST_KEY_CFBundleDisplayName = "모각코";
				INFOPLIST_KEY_UIApplicationSupportsIndirectInputEvents = YES;
				INFOPLIST_KEY_UILaunchStoryboardName = LaunchScreen;
				INFOPLIST_KEY_UISupportedInterfaceOrientations_iPad = "UIInterfaceOrientationPortrait UIInterfaceOrientationPortraitUpsideDown UIInterfaceOrientationLandscapeLeft UIInterfaceOrientationLandscapeRight";
				INFOPLIST_KEY_UISupportedInterfaceOrientations_iPhone = "UIInterfaceOrientationPortrait UIInterfaceOrientationLandscapeLeft UIInterfaceOrientationLandscapeRight";
				IPHONEOS_DEPLOYMENT_TARGET = 15.0;
				LD_RUNPATH_SEARCH_PATHS = (
					"$(inherited)",
					"@executable_path/Frameworks",
				);
				MARKETING_VERSION = 1.0;
				PRODUCT_BUNDLE_IDENTIFIER = com.soyeon.Mogakko;
				PRODUCT_NAME = "$(TARGET_NAME)";
				SUPPORTED_PLATFORMS = "iphoneos iphonesimulator";
				SUPPORTS_MACCATALYST = NO;
				SUPPORTS_MAC_DESIGNED_FOR_IPHONE_IPAD = NO;
				SWIFT_EMIT_LOC_STRINGS = YES;
				SWIFT_VERSION = 5.0;
				TARGETED_DEVICE_FAMILY = 1;
			};
			name = Debug;
		};
		925607062918D51A00A13FFB /* Release */ = {
			isa = XCBuildConfiguration;
			buildSettings = {
				ASSETCATALOG_COMPILER_APPICON_NAME = AppIcon;
				ASSETCATALOG_COMPILER_GLOBAL_ACCENT_COLOR_NAME = AccentColor;
				CODE_SIGN_STYLE = Automatic;
				CURRENT_PROJECT_VERSION = 1;
				DEVELOPMENT_TEAM = PU64TS56AD;
				GENERATE_INFOPLIST_FILE = YES;
				INFOPLIST_FILE = Mogakko/Application/Info.plist;
				INFOPLIST_KEY_CFBundleDisplayName = "모각코";
				INFOPLIST_KEY_UIApplicationSupportsIndirectInputEvents = YES;
				INFOPLIST_KEY_UILaunchStoryboardName = LaunchScreen;
				INFOPLIST_KEY_UISupportedInterfaceOrientations_iPad = "UIInterfaceOrientationPortrait UIInterfaceOrientationPortraitUpsideDown UIInterfaceOrientationLandscapeLeft UIInterfaceOrientationLandscapeRight";
				INFOPLIST_KEY_UISupportedInterfaceOrientations_iPhone = "UIInterfaceOrientationPortrait UIInterfaceOrientationLandscapeLeft UIInterfaceOrientationLandscapeRight";
				IPHONEOS_DEPLOYMENT_TARGET = 15.0;
				LD_RUNPATH_SEARCH_PATHS = (
					"$(inherited)",
					"@executable_path/Frameworks",
				);
				MARKETING_VERSION = 1.0;
				PRODUCT_BUNDLE_IDENTIFIER = com.soyeon.Mogakko;
				PRODUCT_NAME = "$(TARGET_NAME)";
				SUPPORTED_PLATFORMS = "iphoneos iphonesimulator";
				SUPPORTS_MACCATALYST = NO;
				SUPPORTS_MAC_DESIGNED_FOR_IPHONE_IPAD = NO;
				SWIFT_EMIT_LOC_STRINGS = YES;
				SWIFT_VERSION = 5.0;
				TARGETED_DEVICE_FAMILY = 1;
			};
			name = Release;
		};
/* End XCBuildConfiguration section */

/* Begin XCConfigurationList section */
		925606EB2918D51800A13FFB /* Build configuration list for PBXProject "Mogakko" */ = {
			isa = XCConfigurationList;
			buildConfigurations = (
				925607022918D51A00A13FFB /* Debug */,
				925607032918D51A00A13FFB /* Release */,
			);
			defaultConfigurationIsVisible = 0;
			defaultConfigurationName = Release;
		};
		925607042918D51A00A13FFB /* Build configuration list for PBXNativeTarget "Mogakko" */ = {
			isa = XCConfigurationList;
			buildConfigurations = (
				925607052918D51A00A13FFB /* Debug */,
				925607062918D51A00A13FFB /* Release */,
			);
			defaultConfigurationIsVisible = 0;
			defaultConfigurationName = Release;
		};
/* End XCConfigurationList section */

/* Begin XCRemoteSwiftPackageReference section */
		925607162918DF1C00A13FFB /* XCRemoteSwiftPackageReference "SnapKit" */ = {
			isa = XCRemoteSwiftPackageReference;
			repositoryURL = "https://github.com/SnapKit/SnapKit.git";
			requirement = {
				branch = develop;
				kind = branch;
			};
		};
		925607372918F0CB00A13FFB /* XCRemoteSwiftPackageReference "Then" */ = {
			isa = XCRemoteSwiftPackageReference;
			repositoryURL = "https://github.com/devxoul/Then.git";
			requirement = {
				branch = master;
				kind = branch;
			};
		};
		92560757291945AA00A13FFB /* XCRemoteSwiftPackageReference "RxSwift" */ = {
			isa = XCRemoteSwiftPackageReference;
			repositoryURL = "https://github.com/ReactiveX/RxSwift.git";
			requirement = {
				branch = main;
				kind = branch;
			};
		};
/* End XCRemoteSwiftPackageReference section */

/* Begin XCSwiftPackageProductDependency section */
		925607172918DF1C00A13FFB /* SnapKit */ = {
			isa = XCSwiftPackageProductDependency;
			package = 925607162918DF1C00A13FFB /* XCRemoteSwiftPackageReference "SnapKit" */;
			productName = SnapKit;
		};
		925607382918F0CB00A13FFB /* Then */ = {
			isa = XCSwiftPackageProductDependency;
			package = 925607372918F0CB00A13FFB /* XCRemoteSwiftPackageReference "Then" */;
			productName = Then;
		};
		92560758291945AA00A13FFB /* RxCocoa */ = {
			isa = XCSwiftPackageProductDependency;
			package = 92560757291945AA00A13FFB /* XCRemoteSwiftPackageReference "RxSwift" */;
			productName = RxCocoa;
		};
		9256075A291945AA00A13FFB /* RxSwift */ = {
			isa = XCSwiftPackageProductDependency;
			package = 92560757291945AA00A13FFB /* XCRemoteSwiftPackageReference "RxSwift" */;
			productName = RxSwift;
		};
/* End XCSwiftPackageProductDependency section */
	};
	rootObject = 925606E82918D51800A13FFB /* Project object */;
}
